
Microsoft Visual Studio Solution File, Format Version 12.00
# Visual Studio Version 17
VisualStudioVersion = 17.4.33110.190
MinimumVisualStudioVersion = 10.0.40219.1
Project("{FAE04EC0-301F-11D3-BF4B-00C04F79EFBC}") = "5555555555555", "5555555555555.csproj", "{26BE7A3E-9BEB-47CD-BC09-2AC2D216799E}"
EndProject
Global
	GlobalSection(SolutionConfigurationPlatforms) = preSolution
		Debug|Any CPU = Debug|Any CPU
		Release|Any CPU = Release|Any CPU
	EndGlobalSection
	GlobalSection(ProjectConfigurationPlatforms) = postSolution
		{26BE7A3E-9BEB-47CD-BC09-2AC2D216799E}.Debug|Any CPU.ActiveCfg = Debug|Any CPU
		{26BE7A3E-9BEB-47CD-BC09-2AC2D216799E}.Debug|Any CPU.Build.0 = Debug|Any CPU
		{26BE7A3E-9BEB-47CD-BC09-2AC2D216799E}.Release|Any CPU.ActiveCfg = Release|Any CPU
		{26BE7A3E-9BEB-47CD-BC09-2AC2D216799E}.Release|Any CPU.Build.0 = Release|Any CPU
	EndGlobalSection
	GlobalSection(SolutionProperties) = preSolution
		HideSolutionNode = FALSE
	EndGlobalSection
	GlobalSection(ExtensibilityGlobals) = postSolution
		SolutionGuid = {652C13B8-EBBB-45B2-9FAE-F4A4C4EFBA32}
	EndGlobalSection
EndGlobal
